# THIS IS AN AUTOGENERATED FILE. DO NOT EDIT THIS FILE DIRECTLY.
# yarn lockfile v1


"@ethersproject/abi@^5.7.0":
  version "5.7.0"
  resolved "https://registry.yarnpkg.com/@ethersproject/abi/-/abi-5.7.0.tgz#b3f3e045bbbeed1af3947335c247ad625a44e449"
  integrity sha512-351ktp42TiRcYB3H1OP8yajPeAQstMW/yCFokj/AthP9bLHzQFPlOrxOcwYEDkUAICmOHljvN4K39OMTMUa9RA==
  dependencies:
    "@ethersproject/address" "^5.7.0"
    "@ethersproject/bignumber" "^5.7.0"
    "@ethersproject/bytes" "^5.7.0"
    "@ethersproject/constants" "^5.7.0"
    "@ethersproject/hash" "^5.7.0"
    "@ethersproject/keccak256" "^5.7.0"
    "@ethersproject/logger" "^5.7.0"
    "@ethersproject/properties" "^5.7.0"
    "@ethersproject/strings" "^5.7.0"

"@ethersproject/abstract-provider@^5.6.1":
  version "5.6.1"
  resolved "https://registry.yarnpkg.com/@ethersproject/abstract-provider/-/abstract-provider-5.6.1.tgz#02ddce150785caf0c77fe036a0ebfcee61878c59"
  integrity sha512-BxlIgogYJtp1FS8Muvj8YfdClk3unZH0vRMVX791Z9INBNT/kuACZ9GzaY1Y4yFq+YSy6/w4gzj3HCRKrK9hsQ==
  dependencies:
    "@ethersproject/bignumber" "^5.6.2"
    "@ethersproject/bytes" "^5.6.1"
    "@ethersproject/logger" "^5.6.0"
    "@ethersproject/networks" "^5.6.3"
    "@ethersproject/properties" "^5.6.0"
    "@ethersproject/transactions" "^5.6.2"
    "@ethersproject/web" "^5.6.1"

"@ethersproject/abstract-provider@^5.7.0":
  version "5.7.0"
  resolved "https://registry.yarnpkg.com/@ethersproject/abstract-provider/-/abstract-provider-5.7.0.tgz#b0a8550f88b6bf9d51f90e4795d48294630cb9ef"
  integrity sha512-R41c9UkchKCpAqStMYUpdunjo3pkEvZC3FAwZn5S5MGbXoMQOHIdHItezTETxAO5bevtMApSyEhn9+CHcDsWBw==
  dependencies:
    "@ethersproject/bignumber" "^5.7.0"
    "@ethersproject/bytes" "^5.7.0"
    "@ethersproject/logger" "^5.7.0"
    "@ethersproject/networks" "^5.7.0"
    "@ethersproject/properties" "^5.7.0"
    "@ethersproject/transactions" "^5.7.0"
    "@ethersproject/web" "^5.7.0"

"@ethersproject/abstract-signer@>=5.5.0", "@ethersproject/abstract-signer@^5.7.0":
  version "5.7.0"
  resolved "https://registry.yarnpkg.com/@ethersproject/abstract-signer/-/abstract-signer-5.7.0.tgz#13f4f32117868452191a4649723cb086d2b596b2"
  integrity sha512-a16V8bq1/Cz+TGCkE2OPMTOUDLS3grCpdjoJCYNnVBbdYEMSgKrU0+B90s8b6H+ByYTBZN7a3g76jdIJi7UfKQ==
  dependencies:
    "@ethersproject/abstract-provider" "^5.7.0"
    "@ethersproject/bignumber" "^5.7.0"
    "@ethersproject/bytes" "^5.7.0"
    "@ethersproject/logger" "^5.7.0"
    "@ethersproject/properties" "^5.7.0"

"@ethersproject/abstract-signer@^5.6.2":
  version "5.6.2"
  resolved "https://registry.yarnpkg.com/@ethersproject/abstract-signer/-/abstract-signer-5.6.2.tgz#491f07fc2cbd5da258f46ec539664713950b0b33"
  integrity sha512-n1r6lttFBG0t2vNiI3HoWaS/KdOt8xyDjzlP2cuevlWLG6EX0OwcKLyG/Kp/cuwNxdy/ous+R/DEMdTUwWQIjQ==
  dependencies:
    "@ethersproject/abstract-provider" "^5.6.1"
    "@ethersproject/bignumber" "^5.6.2"
    "@ethersproject/bytes" "^5.6.1"
    "@ethersproject/logger" "^5.6.0"
    "@ethersproject/properties" "^5.6.0"

"@ethersproject/address@>=5.5.0", "@ethersproject/address@^5.7.0":
  version "5.7.0"
  resolved "https://registry.yarnpkg.com/@ethersproject/address/-/address-5.7.0.tgz#19b56c4d74a3b0a46bfdbb6cfcc0a153fc697f37"
  integrity sha512-9wYhYt7aghVGo758POM5nqcOMaE168Q6aRLJZwUmiqSrAungkG74gSSeKEIR7ukixesdRZGPgVqme6vmxs1fkA==
  dependencies:
    "@ethersproject/bignumber" "^5.7.0"
    "@ethersproject/bytes" "^5.7.0"
    "@ethersproject/keccak256" "^5.7.0"
    "@ethersproject/logger" "^5.7.0"
    "@ethersproject/rlp" "^5.7.0"

"@ethersproject/address@^5.6.1":
  version "5.6.1"
  resolved "https://registry.yarnpkg.com/@ethersproject/address/-/address-5.6.1.tgz#ab57818d9aefee919c5721d28cd31fd95eff413d"
  integrity sha512-uOgF0kS5MJv9ZvCz7x6T2EXJSzotiybApn4XlOgoTX0xdtyVIJ7pF+6cGPxiEq/dpBiTfMiw7Yc81JcwhSYA0Q==
  dependencies:
    "@ethersproject/bignumber" "^5.6.2"
    "@ethersproject/bytes" "^5.6.1"
    "@ethersproject/keccak256" "^5.6.1"
    "@ethersproject/logger" "^5.6.0"
    "@ethersproject/rlp" "^5.6.1"

"@ethersproject/base64@^5.6.1":
  version "5.6.1"
  resolved "https://registry.yarnpkg.com/@ethersproject/base64/-/base64-5.6.1.tgz#2c40d8a0310c9d1606c2c37ae3092634b41d87cb"
  integrity sha512-qB76rjop6a0RIYYMiB4Eh/8n+Hxu2NIZm8S/Q7kNo5pmZfXhHGHmS4MinUainiBC54SCyRnwzL+KZjj8zbsSsw==
  dependencies:
    "@ethersproject/bytes" "^5.6.1"

"@ethersproject/base64@^5.7.0":
  version "5.7.0"
  resolved "https://registry.yarnpkg.com/@ethersproject/base64/-/base64-5.7.0.tgz#ac4ee92aa36c1628173e221d0d01f53692059e1c"
  integrity sha512-Dr8tcHt2mEbsZr/mwTPIQAf3Ai0Bks/7gTw9dSqk1mQvhW3XvRlmDJr/4n+wg1JmCl16NZue17CDh8xb/vZ0sQ==
  dependencies:
    "@ethersproject/bytes" "^5.7.0"

"@ethersproject/basex@^5.6.1":
  version "5.6.1"
  resolved "https://registry.yarnpkg.com/@ethersproject/basex/-/basex-5.6.1.tgz#badbb2f1d4a6f52ce41c9064f01eab19cc4c5305"
  integrity sha512-a52MkVz4vuBXR06nvflPMotld1FJWSj2QT0985v7P/emPZO00PucFAkbcmq2vpVU7Ts7umKiSI6SppiLykVWsA==
  dependencies:
    "@ethersproject/bytes" "^5.6.1"
    "@ethersproject/properties" "^5.6.0"

"@ethersproject/bignumber@>=5.5.0", "@ethersproject/bignumber@^5.7.0":
  version "5.7.0"
  resolved "https://registry.yarnpkg.com/@ethersproject/bignumber/-/bignumber-5.7.0.tgz#e2f03837f268ba655ffba03a57853e18a18dc9c2"
  integrity sha512-n1CAdIHRWjSucQO3MC1zPSVgV/6dy/fjL9pMrPP9peL+QxEg9wOsVqwD4+818B6LUEtaXzVHQiuivzRoxPxUGw==
  dependencies:
    "@ethersproject/bytes" "^5.7.0"
    "@ethersproject/logger" "^5.7.0"
    bn.js "^5.2.1"

"@ethersproject/bignumber@^5.6.2":
  version "5.6.2"
  resolved "https://registry.yarnpkg.com/@ethersproject/bignumber/-/bignumber-5.6.2.tgz#72a0717d6163fab44c47bcc82e0c550ac0315d66"
  integrity sha512-v7+EEUbhGqT3XJ9LMPsKvXYHFc8eHxTowFCG/HgJErmq4XHJ2WR7aeyICg3uTOAQ7Icn0GFHAohXEhxQHq4Ubw==
  dependencies:
    "@ethersproject/bytes" "^5.6.1"
    "@ethersproject/logger" "^5.6.0"
    bn.js "^5.2.1"

"@ethersproject/bytes@^5.6.1":
  version "5.6.1"
  resolved "https://registry.yarnpkg.com/@ethersproject/bytes/-/bytes-5.6.1.tgz#24f916e411f82a8a60412344bf4a813b917eefe7"
  integrity sha512-NwQt7cKn5+ZE4uDn+X5RAXLp46E1chXoaMmrxAyA0rblpxz8t58lVkrHXoRIn0lz1joQElQ8410GqhTqMOwc6g==
  dependencies:
    "@ethersproject/logger" "^5.6.0"

"@ethersproject/bytes@^5.7.0":
  version "5.7.0"
  resolved "https://registry.yarnpkg.com/@ethersproject/bytes/-/bytes-5.7.0.tgz#a00f6ea8d7e7534d6d87f47188af1148d71f155d"
  integrity sha512-nsbxwgFXWh9NyYWo+U8atvmMsSdKJprTcICAkvbBffT75qDocbuggBU0SJiVK2MuTrp0q+xvLkTnGMPK1+uA9A==
  dependencies:
    "@ethersproject/logger" "^5.7.0"

"@ethersproject/constants@^5.6.1":
  version "5.6.1"
  resolved "https://registry.yarnpkg.com/@ethersproject/constants/-/constants-5.6.1.tgz#e2e974cac160dd101cf79fdf879d7d18e8cb1370"
  integrity sha512-QSq9WVnZbxXYFftrjSjZDUshp6/eKp6qrtdBtUCm0QxCV5z1fG/w3kdlcsjMCQuQHUnAclKoK7XpXMezhRDOLg==
  dependencies:
    "@ethersproject/bignumber" "^5.6.2"

"@ethersproject/constants@^5.7.0":
  version "5.7.0"
  resolved "https://registry.yarnpkg.com/@ethersproject/constants/-/constants-5.7.0.tgz#df80a9705a7e08984161f09014ea012d1c75295e"
  integrity sha512-DHI+y5dBNvkpYUMiRQyxRBYBefZkJfo70VUkUAsRjcPs47muV9evftfZ0PJVCXYbAiCgght0DtcF9srFQmIgWA==
  dependencies:
    "@ethersproject/bignumber" "^5.7.0"

"@ethersproject/contracts@>=5.5.0":
  version "5.7.0"
  resolved "https://registry.yarnpkg.com/@ethersproject/contracts/-/contracts-5.7.0.tgz#c305e775abd07e48aa590e1a877ed5c316f8bd1e"
  integrity sha512-5GJbzEU3X+d33CdfPhcyS+z8MzsTrBGk/sc+G+59+tPa9yFkl6HQ9D6L0QMgNTA9q8dT0XKxxkyp883XsQvbbg==
  dependencies:
    "@ethersproject/abi" "^5.7.0"
    "@ethersproject/abstract-provider" "^5.7.0"
    "@ethersproject/abstract-signer" "^5.7.0"
    "@ethersproject/address" "^5.7.0"
    "@ethersproject/bignumber" "^5.7.0"
    "@ethersproject/bytes" "^5.7.0"
    "@ethersproject/constants" "^5.7.0"
    "@ethersproject/logger" "^5.7.0"
    "@ethersproject/properties" "^5.7.0"
    "@ethersproject/transactions" "^5.7.0"

"@ethersproject/hash@^5.6.1":
  version "5.6.1"
  resolved "https://registry.yarnpkg.com/@ethersproject/hash/-/hash-5.6.1.tgz#224572ea4de257f05b4abf8ae58b03a67e99b0f4"
  integrity sha512-L1xAHurbaxG8VVul4ankNX5HgQ8PNCTrnVXEiFnE9xoRnaUcgfD12tZINtDinSllxPLCtGwguQxJ5E6keE84pA==
  dependencies:
    "@ethersproject/abstract-signer" "^5.6.2"
    "@ethersproject/address" "^5.6.1"
    "@ethersproject/bignumber" "^5.6.2"
    "@ethersproject/bytes" "^5.6.1"
    "@ethersproject/keccak256" "^5.6.1"
    "@ethersproject/logger" "^5.6.0"
    "@ethersproject/properties" "^5.6.0"
    "@ethersproject/strings" "^5.6.1"

"@ethersproject/hash@^5.7.0":
  version "5.7.0"
  resolved "https://registry.yarnpkg.com/@ethersproject/hash/-/hash-5.7.0.tgz#eb7aca84a588508369562e16e514b539ba5240a7"
  integrity sha512-qX5WrQfnah1EFnO5zJv1v46a8HW0+E5xuBBDTwMFZLuVTx0tbU2kkx15NqdjxecrLGatQN9FGQKpb1FKdHCt+g==
  dependencies:
    "@ethersproject/abstract-signer" "^5.7.0"
    "@ethersproject/address" "^5.7.0"
    "@ethersproject/base64" "^5.7.0"
    "@ethersproject/bignumber" "^5.7.0"
    "@ethersproject/bytes" "^5.7.0"
    "@ethersproject/keccak256" "^5.7.0"
    "@ethersproject/logger" "^5.7.0"
    "@ethersproject/properties" "^5.7.0"
    "@ethersproject/strings" "^5.7.0"

"@ethersproject/hdnode@^5.6.2":
  version "5.6.2"
  resolved "https://registry.yarnpkg.com/@ethersproject/hdnode/-/hdnode-5.6.2.tgz#26f3c83a3e8f1b7985c15d1db50dc2903418b2d2"
  integrity sha512-tERxW8Ccf9CxW2db3WsN01Qao3wFeRsfYY9TCuhmG0xNpl2IO8wgXU3HtWIZ49gUWPggRy4Yg5axU0ACaEKf1Q==
  dependencies:
    "@ethersproject/abstract-signer" "^5.6.2"
    "@ethersproject/basex" "^5.6.1"
    "@ethersproject/bignumber" "^5.6.2"
    "@ethersproject/bytes" "^5.6.1"
    "@ethersproject/logger" "^5.6.0"
    "@ethersproject/pbkdf2" "^5.6.1"
    "@ethersproject/properties" "^5.6.0"
    "@ethersproject/sha2" "^5.6.1"
    "@ethersproject/signing-key" "^5.6.2"
    "@ethersproject/strings" "^5.6.1"
    "@ethersproject/transactions" "^5.6.2"
    "@ethersproject/wordlists" "^5.6.1"

"@ethersproject/json-wallets@^5.6.1":
  version "5.6.1"
  resolved "https://registry.yarnpkg.com/@ethersproject/json-wallets/-/json-wallets-5.6.1.tgz#3f06ba555c9c0d7da46756a12ac53483fe18dd91"
  integrity sha512-KfyJ6Zwz3kGeX25nLihPwZYlDqamO6pfGKNnVMWWfEVVp42lTfCZVXXy5Ie8IZTN0HKwAngpIPi7gk4IJzgmqQ==
  dependencies:
    "@ethersproject/abstract-signer" "^5.6.2"
    "@ethersproject/address" "^5.6.1"
    "@ethersproject/bytes" "^5.6.1"
    "@ethersproject/hdnode" "^5.6.2"
    "@ethersproject/keccak256" "^5.6.1"
    "@ethersproject/logger" "^5.6.0"
    "@ethersproject/pbkdf2" "^5.6.1"
    "@ethersproject/properties" "^5.6.0"
    "@ethersproject/random" "^5.6.1"
    "@ethersproject/strings" "^5.6.1"
    "@ethersproject/transactions" "^5.6.2"
    aes-js "3.0.0"
    scrypt-js "3.0.1"

"@ethersproject/keccak256@^5.6.1":
  version "5.6.1"
  resolved "https://registry.yarnpkg.com/@ethersproject/keccak256/-/keccak256-5.6.1.tgz#b867167c9b50ba1b1a92bccdd4f2d6bd168a91cc"
  integrity sha512-bB7DQHCTRDooZZdL3lk9wpL0+XuG3XLGHLh3cePnybsO3V0rdCAOQGpn/0R3aODmnTOOkCATJiD2hnL+5bwthA==
  dependencies:
    "@ethersproject/bytes" "^5.6.1"
    js-sha3 "0.8.0"

"@ethersproject/keccak256@^5.7.0":
  version "5.7.0"
  resolved "https://registry.yarnpkg.com/@ethersproject/keccak256/-/keccak256-5.7.0.tgz#3186350c6e1cd6aba7940384ec7d6d9db01f335a"
  integrity sha512-2UcPboeL/iW+pSg6vZ6ydF8tCnv3Iu/8tUmLLzWWGzxWKFFqOBQFLo6uLUv6BDrLgCDfN28RJ/wtByx+jZ4KBg==
  dependencies:
    "@ethersproject/bytes" "^5.7.0"
    js-sha3 "0.8.0"

"@ethersproject/logger@^5.6.0":
  version "5.6.0"
  resolved "https://registry.yarnpkg.com/@ethersproject/logger/-/logger-5.6.0.tgz#d7db1bfcc22fd2e4ab574cba0bb6ad779a9a3e7a"
  integrity sha512-BiBWllUROH9w+P21RzoxJKzqoqpkyM1pRnEKG69bulE9TSQD8SAIvTQqIMZmmCO8pUNkgLP1wndX1gKghSpBmg==

"@ethersproject/logger@^5.7.0":
  version "5.7.0"
  resolved "https://registry.yarnpkg.com/@ethersproject/logger/-/logger-5.7.0.tgz#6ce9ae168e74fecf287be17062b590852c311892"
  integrity sha512-0odtFdXu/XHtjQXJYA3u9G0G8btm0ND5Cu8M7i5vhEcE8/HmF4Lbdqanwyv4uQTr2tx6b7fQRmgLrsnpQlmnig==

"@ethersproject/networks@^5.6.3":
  version "5.6.4"
  resolved "https://registry.yarnpkg.com/@ethersproject/networks/-/networks-5.6.4.tgz#51296d8fec59e9627554f5a8a9c7791248c8dc07"
  integrity sha512-KShHeHPahHI2UlWdtDMn2lJETcbtaJge4k7XSjDR9h79QTd6yQJmv6Cp2ZA4JdqWnhszAOLSuJEd9C0PRw7hSQ==
  dependencies:
    "@ethersproject/logger" "^5.6.0"

"@ethersproject/networks@^5.7.0":
  version "5.7.1"
  resolved "https://registry.yarnpkg.com/@ethersproject/networks/-/networks-5.7.1.tgz#118e1a981d757d45ccea6bb58d9fd3d9db14ead6"
  integrity sha512-n/MufjFYv3yFcUyfhnXotyDlNdFb7onmkSy8aQERi2PjNcnWQ66xXxa3XlS8nCcA8aJKJjIIMNJTC7tu80GwpQ==
  dependencies:
    "@ethersproject/logger" "^5.7.0"

"@ethersproject/pbkdf2@^5.6.1":
  version "5.6.1"
  resolved "https://registry.yarnpkg.com/@ethersproject/pbkdf2/-/pbkdf2-5.6.1.tgz#f462fe320b22c0d6b1d72a9920a3963b09eb82d1"
  integrity sha512-k4gRQ+D93zDRPNUfmduNKq065uadC2YjMP/CqwwX5qG6R05f47boq6pLZtV/RnC4NZAYOPH1Cyo54q0c9sshRQ==
  dependencies:
    "@ethersproject/bytes" "^5.6.1"
    "@ethersproject/sha2" "^5.6.1"

"@ethersproject/properties@^5.6.0":
  version "5.6.0"
  resolved "https://registry.yarnpkg.com/@ethersproject/properties/-/properties-5.6.0.tgz#38904651713bc6bdd5bdd1b0a4287ecda920fa04"
  integrity sha512-szoOkHskajKePTJSZ46uHUWWkbv7TzP2ypdEK6jGMqJaEt2sb0jCgfBo0gH0m2HBpRixMuJ6TBRaQCF7a9DoCg==
  dependencies:
    "@ethersproject/logger" "^5.6.0"

"@ethersproject/properties@^5.7.0":
  version "5.7.0"
  resolved "https://registry.yarnpkg.com/@ethersproject/properties/-/properties-5.7.0.tgz#a6e12cb0439b878aaf470f1902a176033067ed30"
  integrity sha512-J87jy8suntrAkIZtecpxEPxY//szqr1mlBaYlQ0r4RCaiD2hjheqF9s1LVE8vVuJCXisjIP+JgtK/Do54ej4Sw==
  dependencies:
    "@ethersproject/logger" "^5.7.0"

"@ethersproject/providers@^5.6.8":
  version "5.6.8"
  resolved "https://registry.yarnpkg.com/@ethersproject/providers/-/providers-5.6.8.tgz#22e6c57be215ba5545d3a46cf759d265bb4e879d"
  integrity sha512-Wf+CseT/iOJjrGtAOf3ck9zS7AgPmr2fZ3N97r4+YXN3mBePTG2/bJ8DApl9mVwYL+RpYbNxMEkEp4mPGdwG/w==
  dependencies:
    "@ethersproject/abstract-provider" "^5.6.1"
    "@ethersproject/abstract-signer" "^5.6.2"
    "@ethersproject/address" "^5.6.1"
    "@ethersproject/base64" "^5.6.1"
    "@ethersproject/basex" "^5.6.1"
    "@ethersproject/bignumber" "^5.6.2"
    "@ethersproject/bytes" "^5.6.1"
    "@ethersproject/constants" "^5.6.1"
    "@ethersproject/hash" "^5.6.1"
    "@ethersproject/logger" "^5.6.0"
    "@ethersproject/networks" "^5.6.3"
    "@ethersproject/properties" "^5.6.0"
    "@ethersproject/random" "^5.6.1"
    "@ethersproject/rlp" "^5.6.1"
    "@ethersproject/sha2" "^5.6.1"
    "@ethersproject/strings" "^5.6.1"
    "@ethersproject/transactions" "^5.6.2"
    "@ethersproject/web" "^5.6.1"
    bech32 "1.1.4"
    ws "7.4.6"

"@ethersproject/random@^5.6.1":
  version "5.6.1"
  resolved "https://registry.yarnpkg.com/@ethersproject/random/-/random-5.6.1.tgz#66915943981bcd3e11bbd43733f5c3ba5a790255"
  integrity sha512-/wtPNHwbmng+5yi3fkipA8YBT59DdkGRoC2vWk09Dci/q5DlgnMkhIycjHlavrvrjJBkFjO/ueLyT+aUDfc4lA==
  dependencies:
    "@ethersproject/bytes" "^5.6.1"
    "@ethersproject/logger" "^5.6.0"

"@ethersproject/rlp@^5.6.1":
  version "5.6.1"
  resolved "https://registry.yarnpkg.com/@ethersproject/rlp/-/rlp-5.6.1.tgz#df8311e6f9f24dcb03d59a2bac457a28a4fe2bd8"
  integrity sha512-uYjmcZx+DKlFUk7a5/W9aQVaoEC7+1MOBgNtvNg13+RnuUwT4F0zTovC0tmay5SmRslb29V1B7Y5KCri46WhuQ==
  dependencies:
    "@ethersproject/bytes" "^5.6.1"
    "@ethersproject/logger" "^5.6.0"

"@ethersproject/rlp@^5.7.0":
  version "5.7.0"
  resolved "https://registry.yarnpkg.com/@ethersproject/rlp/-/rlp-5.7.0.tgz#de39e4d5918b9d74d46de93af80b7685a9c21304"
  integrity sha512-rBxzX2vK8mVF7b0Tol44t5Tb8gomOHkj5guL+HhzQ1yBh/ydjGnpw6at+X6Iw0Kp3OzzzkcKp8N9r0W4kYSs9w==
  dependencies:
    "@ethersproject/bytes" "^5.7.0"
    "@ethersproject/logger" "^5.7.0"

"@ethersproject/sha2@^5.6.1":
  version "5.6.1"
  resolved "https://registry.yarnpkg.com/@ethersproject/sha2/-/sha2-5.6.1.tgz#211f14d3f5da5301c8972a8827770b6fd3e51656"
  integrity sha512-5K2GyqcW7G4Yo3uenHegbXRPDgARpWUiXc6RiF7b6i/HXUoWlb7uCARh7BAHg7/qT/Q5ydofNwiZcim9qpjB6g==
  dependencies:
    "@ethersproject/bytes" "^5.6.1"
    "@ethersproject/logger" "^5.6.0"
    hash.js "1.1.7"

"@ethersproject/signing-key@^5.6.2":
  version "5.6.2"
  resolved "https://registry.yarnpkg.com/@ethersproject/signing-key/-/signing-key-5.6.2.tgz#8a51b111e4d62e5a62aee1da1e088d12de0614a3"
  integrity sha512-jVbu0RuP7EFpw82vHcL+GP35+KaNruVAZM90GxgQnGqB6crhBqW/ozBfFvdeImtmb4qPko0uxXjn8l9jpn0cwQ==
  dependencies:
    "@ethersproject/bytes" "^5.6.1"
    "@ethersproject/logger" "^5.6.0"
    "@ethersproject/properties" "^5.6.0"
    bn.js "^5.2.1"
    elliptic "6.5.4"
    hash.js "1.1.7"

"@ethersproject/signing-key@^5.7.0":
  version "5.7.0"
  resolved "https://registry.yarnpkg.com/@ethersproject/signing-key/-/signing-key-5.7.0.tgz#06b2df39411b00bc57c7c09b01d1e41cf1b16ab3"
  integrity sha512-MZdy2nL3wO0u7gkB4nA/pEf8lu1TlFswPNmy8AiYkfKTdO6eXBJyUdmHO/ehm/htHw9K/qF8ujnTyUAD+Ry54Q==
  dependencies:
    "@ethersproject/bytes" "^5.7.0"
    "@ethersproject/logger" "^5.7.0"
    "@ethersproject/properties" "^5.7.0"
    bn.js "^5.2.1"
    elliptic "6.5.4"
    hash.js "1.1.7"

"@ethersproject/strings@^5.6.1":
  version "5.6.1"
  resolved "https://registry.yarnpkg.com/@ethersproject/strings/-/strings-5.6.1.tgz#dbc1b7f901db822b5cafd4ebf01ca93c373f8952"
  integrity sha512-2X1Lgk6Jyfg26MUnsHiT456U9ijxKUybz8IM1Vih+NJxYtXhmvKBcHOmvGqpFSVJ0nQ4ZCoIViR8XlRw1v/+Cw==
  dependencies:
    "@ethersproject/bytes" "^5.6.1"
    "@ethersproject/constants" "^5.6.1"
    "@ethersproject/logger" "^5.6.0"

"@ethersproject/strings@^5.7.0":
  version "5.7.0"
  resolved "https://registry.yarnpkg.com/@ethersproject/strings/-/strings-5.7.0.tgz#54c9d2a7c57ae8f1205c88a9d3a56471e14d5ed2"
  integrity sha512-/9nu+lj0YswRNSH0NXYqrh8775XNyEdUQAuf3f+SmOrnVewcJ5SBNAjF7lpgehKi4abvNNXyf+HX86czCdJ8Mg==
  dependencies:
    "@ethersproject/bytes" "^5.7.0"
    "@ethersproject/constants" "^5.7.0"
    "@ethersproject/logger" "^5.7.0"

"@ethersproject/transactions@^5.6.2":
  version "5.6.2"
  resolved "https://registry.yarnpkg.com/@ethersproject/transactions/-/transactions-5.6.2.tgz#793a774c01ced9fe7073985bb95a4b4e57a6370b"
  integrity sha512-BuV63IRPHmJvthNkkt9G70Ullx6AcM+SDc+a8Aw/8Yew6YwT51TcBKEp1P4oOQ/bP25I18JJr7rcFRgFtU9B2Q==
  dependencies:
    "@ethersproject/address" "^5.6.1"
    "@ethersproject/bignumber" "^5.6.2"
    "@ethersproject/bytes" "^5.6.1"
    "@ethersproject/constants" "^5.6.1"
    "@ethersproject/keccak256" "^5.6.1"
    "@ethersproject/logger" "^5.6.0"
    "@ethersproject/properties" "^5.6.0"
    "@ethersproject/rlp" "^5.6.1"
    "@ethersproject/signing-key" "^5.6.2"

"@ethersproject/transactions@^5.7.0":
  version "5.7.0"
  resolved "https://registry.yarnpkg.com/@ethersproject/transactions/-/transactions-5.7.0.tgz#91318fc24063e057885a6af13fdb703e1f993d3b"
  integrity sha512-kmcNicCp1lp8qanMTC3RIikGgoJ80ztTyvtsFvCYpSCfkjhD0jZ2LOrnbcuxuToLIUYYf+4XwD1rP+B/erDIhQ==
  dependencies:
    "@ethersproject/address" "^5.7.0"
    "@ethersproject/bignumber" "^5.7.0"
    "@ethersproject/bytes" "^5.7.0"
    "@ethersproject/constants" "^5.7.0"
    "@ethersproject/keccak256" "^5.7.0"
    "@ethersproject/logger" "^5.7.0"
    "@ethersproject/properties" "^5.7.0"
    "@ethersproject/rlp" "^5.7.0"
    "@ethersproject/signing-key" "^5.7.0"

"@ethersproject/wallet@^5.6.2":
  version "5.6.2"
  resolved "https://registry.yarnpkg.com/@ethersproject/wallet/-/wallet-5.6.2.tgz#cd61429d1e934681e413f4bc847a5f2f87e3a03c"
  integrity sha512-lrgh0FDQPuOnHcF80Q3gHYsSUODp6aJLAdDmDV0xKCN/T7D99ta1jGVhulg3PY8wiXEngD0DfM0I2XKXlrqJfg==
  dependencies:
    "@ethersproject/abstract-provider" "^5.6.1"
    "@ethersproject/abstract-signer" "^5.6.2"
    "@ethersproject/address" "^5.6.1"
    "@ethersproject/bignumber" "^5.6.2"
    "@ethersproject/bytes" "^5.6.1"
    "@ethersproject/hash" "^5.6.1"
    "@ethersproject/hdnode" "^5.6.2"
    "@ethersproject/json-wallets" "^5.6.1"
    "@ethersproject/keccak256" "^5.6.1"
    "@ethersproject/logger" "^5.6.0"
    "@ethersproject/properties" "^5.6.0"
    "@ethersproject/random" "^5.6.1"
    "@ethersproject/signing-key" "^5.6.2"
    "@ethersproject/transactions" "^5.6.2"
    "@ethersproject/wordlists" "^5.6.1"

"@ethersproject/web@^5.6.1":
  version "5.6.1"
  resolved "https://registry.yarnpkg.com/@ethersproject/web/-/web-5.6.1.tgz#6e2bd3ebadd033e6fe57d072db2b69ad2c9bdf5d"
  integrity sha512-/vSyzaQlNXkO1WV+RneYKqCJwualcUdx/Z3gseVovZP0wIlOFcCE1hkRhKBH8ImKbGQbMl9EAAyJFrJu7V0aqA==
  dependencies:
    "@ethersproject/base64" "^5.6.1"
    "@ethersproject/bytes" "^5.6.1"
    "@ethersproject/logger" "^5.6.0"
    "@ethersproject/properties" "^5.6.0"
    "@ethersproject/strings" "^5.6.1"

"@ethersproject/web@^5.7.0":
  version "5.7.1"
  resolved "https://registry.yarnpkg.com/@ethersproject/web/-/web-5.7.1.tgz#de1f285b373149bee5928f4eb7bcb87ee5fbb4ae"
  integrity sha512-Gueu8lSvyjBWL4cYsWsjh6MtMwM0+H4HvqFPZfB6dV8ctbP9zFAO73VG1cMWae0FLPCtz0peKPpZY8/ugJJX2w==
  dependencies:
    "@ethersproject/base64" "^5.7.0"
    "@ethersproject/bytes" "^5.7.0"
    "@ethersproject/logger" "^5.7.0"
    "@ethersproject/properties" "^5.7.0"
    "@ethersproject/strings" "^5.7.0"

"@ethersproject/wordlists@^5.6.1":
  version "5.6.1"
  resolved "https://registry.yarnpkg.com/@ethersproject/wordlists/-/wordlists-5.6.1.tgz#1e78e2740a8a21e9e99947e47979d72e130aeda1"
  integrity sha512-wiPRgBpNbNwCQFoCr8bcWO8o5I810cqO6mkdtKfLKFlLxeCWcnzDi4Alu8iyNzlhYuS9npCwivMbRWF19dyblw==
  dependencies:
    "@ethersproject/bytes" "^5.6.1"
    "@ethersproject/hash" "^5.6.1"
    "@ethersproject/logger" "^5.6.0"
    "@ethersproject/properties" "^5.6.0"
    "@ethersproject/strings" "^5.6.1"

"@renft/sdk@^6.0.0":
  version "6.0.0-alpha.9"
  resolved "https://registry.yarnpkg.com/@renft/sdk/-/sdk-6.0.0-alpha.9.tgz#34b7e28c3cc09c00dd277d818a28a0129dbfd9f3"
  integrity sha512-Q5bYStGVvda6YB1FHmKNj/LCG2dUR0DlMCj8/AcnZax5cQx5pl9ajrt0guXfyHxQj1y8N/ynyVqPp0UBiEZMeg==
  dependencies:
    "@ethersproject/abstract-signer" ">=5.5.0"
    "@ethersproject/address" ">=5.5.0"
    "@ethersproject/bignumber" ">=5.5.0"
    "@ethersproject/contracts" ">=5.5.0"
    react-fast-compare "3.2.0"

aes-js@3.0.0:
  version "3.0.0"
  resolved "https://registry.yarnpkg.com/aes-js/-/aes-js-3.0.0.tgz#e21df10ad6c2053295bcbb8dab40b09dbea87e4d"
  integrity sha512-H7wUZRn8WpTq9jocdxQ2c8x2sKo9ZVmzfRE13GiNJXfp7NcKYEdvl3vspKjXox6RIG2VtaRe4JFvxG4rqp2Zuw==

bech32@1.1.4:
  version "1.1.4"
  resolved "https://registry.yarnpkg.com/bech32/-/bech32-1.1.4.tgz#e38c9f37bf179b8eb16ae3a772b40c356d4832e9"
  integrity sha512-s0IrSOzLlbvX7yp4WBfPITzpAU8sqQcpsmwXDiKwrG4r491vwCO/XpejasRNl0piBMe/DvP4Tz0mIS/X1DPJBQ==

bn.js@^4.11.9:
  version "4.12.0"
  resolved "https://registry.yarnpkg.com/bn.js/-/bn.js-4.12.0.tgz#775b3f278efbb9718eec7361f483fb36fbbfea88"
  integrity sha512-c98Bf3tPniI+scsdk237ku1Dc3ujXQTSgyiPUDEOe7tRkhrqridvh8klBv0HCEso1OLOYcHuCv/cS6DNxKH+ZA==

bn.js@^5.2.1:
  version "5.2.1"
  resolved "https://registry.yarnpkg.com/bn.js/-/bn.js-5.2.1.tgz#0bc527a6a0d18d0aa8d5b0538ce4a77dccfa7b70"
  integrity sha512-eXRvHzWyYPBuB4NBy0cmYQjGitUrtqwbvlzP3G6VFnNRbsZQIxQ10PbKKHt8gZ/HW/D/747aDl+QkDqg3KQLMQ==

brorand@^1.1.0:
  version "1.1.0"
  resolved "https://registry.yarnpkg.com/brorand/-/brorand-1.1.0.tgz#12c25efe40a45e3c323eb8675a0a0ce57b22371f"
  integrity sha512-cKV8tMCEpQs4hK/ik71d6LrPOnpkpGBR0wzxqr68g2m/LB2GxVYQroAjMJZRVM1Y4BCjCKc3vAamxSzOY2RP+w==

elliptic@6.5.4:
  version "6.5.4"
  resolved "https://registry.yarnpkg.com/elliptic/-/elliptic-6.5.4.tgz#da37cebd31e79a1367e941b592ed1fbebd58abbb"
  integrity sha512-iLhC6ULemrljPZb+QutR5TQGB+pdW6KGD5RSegS+8sorOZT+rdQFbsQFJgvN3eRqNALqJer4oQ16YvJHlU8hzQ==
  dependencies:
    bn.js "^4.11.9"
    brorand "^1.1.0"
    hash.js "^1.0.0"
    hmac-drbg "^1.0.1"
    inherits "^2.0.4"
    minimalistic-assert "^1.0.1"
    minimalistic-crypto-utils "^1.0.1"

hash.js@1.1.7, hash.js@^1.0.0, hash.js@^1.0.3:
  version "1.1.7"
  resolved "https://registry.yarnpkg.com/hash.js/-/hash.js-1.1.7.tgz#0babca538e8d4ee4a0f8988d68866537a003cf42"
  integrity sha512-taOaskGt4z4SOANNseOviYDvjEJinIkRgmp7LbKP2YTTmVxWBl87s/uzK9r+44BclBSp2X7K1hqeNfz9JbBeXA==
  dependencies:
    inherits "^2.0.3"
    minimalistic-assert "^1.0.1"

hmac-drbg@^1.0.1:
  version "1.0.1"
  resolved "https://registry.yarnpkg.com/hmac-drbg/-/hmac-drbg-1.0.1.tgz#d2745701025a6c775a6c545793ed502fc0c649a1"
  integrity sha512-Tti3gMqLdZfhOQY1Mzf/AanLiqh1WTiJgEj26ZuYQ9fbkLomzGchCws4FyrSd4VkpBfiNhaE1On+lOz894jvXg==
  dependencies:
    hash.js "^1.0.3"
    minimalistic-assert "^1.0.0"
    minimalistic-crypto-utils "^1.0.1"

inherits@^2.0.3, inherits@^2.0.4:
  version "2.0.4"
  resolved "https://registry.yarnpkg.com/inherits/-/inherits-2.0.4.tgz#0fa2c64f932917c3433a0ded55363aae37416b7c"
  integrity sha512-k/vGaX4/Yla3WzyMCvTQOXYeIHvqOKtnqBduzTHpzpQZzAskKMhZ2K+EnBiSM9zGSoIFeMpXKxa4dYeZIQqewQ==

js-sha3@0.8.0:
  version "0.8.0"
  resolved "https://registry.yarnpkg.com/js-sha3/-/js-sha3-0.8.0.tgz#b9b7a5da73afad7dedd0f8c463954cbde6818840"
  integrity sha512-gF1cRrHhIzNfToc802P800N8PpXS+evLLXfsVpowqmAFR9uwbi89WvXg2QspOmXL8QL86J4T1EpFu+yUkwJY3Q==

minimalistic-assert@^1.0.0, minimalistic-assert@^1.0.1:
  version "1.0.1"
  resolved "https://registry.yarnpkg.com/minimalistic-assert/-/minimalistic-assert-1.0.1.tgz#2e194de044626d4a10e7f7fbc00ce73e83e4d5c7"
  integrity sha512-UtJcAD4yEaGtjPezWuO9wC4nwUnVH/8/Im3yEHQP4b67cXlD/Qr9hdITCU1xDbSEXg2XKNaP8jsReV7vQd00/A==

minimalistic-crypto-utils@^1.0.1:
  version "1.0.1"
  resolved "https://registry.yarnpkg.com/minimalistic-crypto-utils/-/minimalistic-crypto-utils-1.0.1.tgz#f6c00c1c0b082246e5c4d99dfb8c7c083b2b582a"
  integrity sha512-JIYlbt6g8i5jKfJ3xz7rF0LXmv2TkDxBLUkiBeZ7bAx4GnnNMr8xFpGnOxn6GhTEHx3SjRrZEoU+j04prX1ktg==

react-fast-compare@3.2.0:
  version "3.2.0"
  resolved "https://registry.yarnpkg.com/react-fast-compare/-/react-fast-compare-3.2.0.tgz#641a9da81b6a6320f270e89724fb45a0b39e43bb"
  integrity sha512-rtGImPZ0YyLrscKI9xTpV8psd6I8VAtjKCzQDlzyDvqJA8XOW78TXYQwNRNd8g8JZnDu8q9Fu/1v4HPAVwVdHA==

scrypt-js@3.0.1:
  version "3.0.1"
  resolved "https://registry.yarnpkg.com/scrypt-js/-/scrypt-js-3.0.1.tgz#d314a57c2aef69d1ad98a138a21fe9eafa9ee312"
  integrity sha512-cdwTTnqPu0Hyvf5in5asVdZocVDTNRmR7XEcJuIzMjJeSHybHl7vpB66AzwTaIg6CLSbtjcxc8fqcySfnTkccA==

ws@7.4.6:
  version "7.4.6"
  resolved "https://registry.yarnpkg.com/ws/-/ws-7.4.6.tgz#5654ca8ecdeee47c33a9a4bf6d28e2be2980377c"
  integrity sha512-YmhHDO4MzaDLB+M9ym/mDA5z0naX8j7SIlT8f8z+I0VtzsRbekxEutHSme7NPS2qE8StCYQNUnfWdXta/Yu85A==
